{
  "name": "advent_of_code-2018",
  "version": "0.1.0",
  "lockfileVersion": 1,
  "requires": true,
  "dependencies": {
    "bs-node": {
      "version": "github:reasonml-community/bs-node#20ef6d2d7c00e923aba33b0629ca5623a4460712",
      "from": "github:reasonml-community/bs-node"
    },
    "bs-platform": {
      "version": "4.0.7",
      "dev": true
    }
  }
}
